// !$*UTF8*$!
{
	archiveVersion = 1;
	classes = {
	};
	objectVersion = 56;
	objects = {

/* Begin PBXBuildFile section */
		EC4587692C887BD600FA7993 /* ViewRegistry.swift in Sources */ = {isa = PBXBuildFile; fileRef = EC4587682C887BD600FA7993 /* ViewRegistry.swift */; };
		EC45876B2C887BEF00FA7993 /* NavigationView.swift in Sources */ = {isa = PBXBuildFile; fileRef = EC45876A2C887BEF00FA7993 /* NavigationView.swift */; };
		EC731D042C8651DB001FB83A /* BeatWaveApp.swift in Sources */ = {isa = PBXBuildFile; fileRef = EC731D032C8651DB001FB83A /* BeatWaveApp.swift */; };
		EC731D062C8651DB001FB83A /* ContentView.swift in Sources */ = {isa = PBXBuildFile; fileRef = EC731D052C8651DB001FB83A /* ContentView.swift */; };
		EC731D082C8651DC001FB83A /* Assets.xcassets in Resources */ = {isa = PBXBuildFile; fileRef = EC731D072C8651DC001FB83A /* Assets.xcassets */; };
		EC731D0B2C8651DC001FB83A /* Preview Assets.xcassets in Resources */ = {isa = PBXBuildFile; fileRef = EC731D0A2C8651DC001FB83A /* Preview Assets.xcassets */; };
		EC731D152C8651DC001FB83A /* BeatWaveTests.swift in Sources */ = {isa = PBXBuildFile; fileRef = EC731D142C8651DC001FB83A /* BeatWaveTests.swift */; };
		EC731D1F2C8651DC001FB83A /* BeatWaveUITests.swift in Sources */ = {isa = PBXBuildFile; fileRef = EC731D1E2C8651DC001FB83A /* BeatWaveUITests.swift */; };
		EC731D212C8651DC001FB83A /* BeatWaveUITestsLaunchTests.swift in Sources */ = {isa = PBXBuildFile; fileRef = EC731D202C8651DC001FB83A /* BeatWaveUITestsLaunchTests.swift */; };
		EC731D2F2C86529C001FB83A /* LoginView.swift in Sources */ = {isa = PBXBuildFile; fileRef = EC731D2E2C86529C001FB83A /* LoginView.swift */; };
		EC731D322C8652BE001FB83A /* Color+Palette.swift in Sources */ = {isa = PBXBuildFile; fileRef = EC731D312C8652BE001FB83A /* Color+Palette.swift */; };
		EC731D342C870409001FB83A /* LoginViewModel.swift in Sources */ = {isa = PBXBuildFile; fileRef = EC731D332C870409001FB83A /* LoginViewModel.swift */; };
		EC731D362C870D5D001FB83A /* CredentialStore.swift in Sources */ = {isa = PBXBuildFile; fileRef = EC731D352C870D5D001FB83A /* CredentialStore.swift */; };
		EC731D382C87AD6A001FB83A /* CredentialCachePolicy.swift in Sources */ = {isa = PBXBuildFile; fileRef = EC731D372C87AD6A001FB83A /* CredentialCachePolicy.swift */; };
		EC731D3A2C87B129001FB83A /* CredentialLoader.swift in Sources */ = {isa = PBXBuildFile; fileRef = EC731D392C87B129001FB83A /* CredentialLoader.swift */; };
		EC731D3C2C87B3AD001FB83A /* LocalCredential.swift in Sources */ = {isa = PBXBuildFile; fileRef = EC731D3B2C87B3AD001FB83A /* LocalCredential.swift */; };
/* End PBXBuildFile section */

/* Begin PBXContainerItemProxy section */
		EC731D112C8651DC001FB83A /* PBXContainerItemProxy */ = {
			isa = PBXContainerItemProxy;
			containerPortal = EC731CF82C8651DB001FB83A /* Project object */;
			proxyType = 1;
			remoteGlobalIDString = EC731CFF2C8651DB001FB83A;
			remoteInfo = BeatWave;
		};
		EC731D1B2C8651DC001FB83A /* PBXContainerItemProxy */ = {
			isa = PBXContainerItemProxy;
			containerPortal = EC731CF82C8651DB001FB83A /* Project object */;
			proxyType = 1;
			remoteGlobalIDString = EC731CFF2C8651DB001FB83A;
			remoteInfo = BeatWave;
		};
/* End PBXContainerItemProxy section */

/* Begin PBXFileReference section */
		EC4587682C887BD600FA7993 /* ViewRegistry.swift */ = {isa = PBXFileReference; lastKnownFileType = sourcecode.swift; path = ViewRegistry.swift; sourceTree = "<group>"; };
		EC45876A2C887BEF00FA7993 /* NavigationView.swift */ = {isa = PBXFileReference; lastKnownFileType = sourcecode.swift; path = NavigationView.swift; sourceTree = "<group>"; };
		EC731D002C8651DB001FB83A /* BeatWave.app */ = {isa = PBXFileReference; explicitFileType = wrapper.application; includeInIndex = 0; path = BeatWave.app; sourceTree = BUILT_PRODUCTS_DIR; };
		EC731D032C8651DB001FB83A /* BeatWaveApp.swift */ = {isa = PBXFileReference; lastKnownFileType = sourcecode.swift; path = BeatWaveApp.swift; sourceTree = "<group>"; };
		EC731D052C8651DB001FB83A /* ContentView.swift */ = {isa = PBXFileReference; lastKnownFileType = sourcecode.swift; path = ContentView.swift; sourceTree = "<group>"; };
		EC731D072C8651DC001FB83A /* Assets.xcassets */ = {isa = PBXFileReference; lastKnownFileType = folder.assetcatalog; path = Assets.xcassets; sourceTree = "<group>"; };
		EC731D0A2C8651DC001FB83A /* Preview Assets.xcassets */ = {isa = PBXFileReference; lastKnownFileType = folder.assetcatalog; path = "Preview Assets.xcassets"; sourceTree = "<group>"; };
		EC731D102C8651DC001FB83A /* BeatWaveTests.xctest */ = {isa = PBXFileReference; explicitFileType = wrapper.cfbundle; includeInIndex = 0; path = BeatWaveTests.xctest; sourceTree = BUILT_PRODUCTS_DIR; };
		EC731D142C8651DC001FB83A /* BeatWaveTests.swift */ = {isa = PBXFileReference; lastKnownFileType = sourcecode.swift; path = BeatWaveTests.swift; sourceTree = "<group>"; };
		EC731D1A2C8651DC001FB83A /* BeatWaveUITests.xctest */ = {isa = PBXFileReference; explicitFileType = wrapper.cfbundle; includeInIndex = 0; path = BeatWaveUITests.xctest; sourceTree = BUILT_PRODUCTS_DIR; };
		EC731D1E2C8651DC001FB83A /* BeatWaveUITests.swift */ = {isa = PBXFileReference; lastKnownFileType = sourcecode.swift; path = BeatWaveUITests.swift; sourceTree = "<group>"; };
		EC731D202C8651DC001FB83A /* BeatWaveUITestsLaunchTests.swift */ = {isa = PBXFileReference; lastKnownFileType = sourcecode.swift; path = BeatWaveUITestsLaunchTests.swift; sourceTree = "<group>"; };
		EC731D2E2C86529C001FB83A /* LoginView.swift */ = {isa = PBXFileReference; lastKnownFileType = sourcecode.swift; path = LoginView.swift; sourceTree = "<group>"; };
		EC731D312C8652BE001FB83A /* Color+Palette.swift */ = {isa = PBXFileReference; lastKnownFileType = sourcecode.swift; path = "Color+Palette.swift"; sourceTree = "<group>"; };
		EC731D332C870409001FB83A /* LoginViewModel.swift */ = {isa = PBXFileReference; lastKnownFileType = sourcecode.swift; path = LoginViewModel.swift; sourceTree = "<group>"; };
		EC731D352C870D5D001FB83A /* CredentialStore.swift */ = {isa = PBXFileReference; lastKnownFileType = sourcecode.swift; path = CredentialStore.swift; sourceTree = "<group>"; };
		EC731D372C87AD6A001FB83A /* CredentialCachePolicy.swift */ = {isa = PBXFileReference; lastKnownFileType = sourcecode.swift; path = CredentialCachePolicy.swift; sourceTree = "<group>"; };
		EC731D392C87B129001FB83A /* CredentialLoader.swift */ = {isa = PBXFileReference; lastKnownFileType = sourcecode.swift; path = CredentialLoader.swift; sourceTree = "<group>"; };
		EC731D3B2C87B3AD001FB83A /* LocalCredential.swift */ = {isa = PBXFileReference; lastKnownFileType = sourcecode.swift; path = LocalCredential.swift; sourceTree = "<group>"; };
/* End PBXFileReference section */

/* Begin PBXFrameworksBuildPhase section */
		EC731CFD2C8651DB001FB83A /* Frameworks */ = {
			isa = PBXFrameworksBuildPhase;
			buildActionMask = 2147483647;
			files = (
			);
			runOnlyForDeploymentPostprocessing = 0;
		};
		EC731D0D2C8651DC001FB83A /* Frameworks */ = {
			isa = PBXFrameworksBuildPhase;
			buildActionMask = 2147483647;
			files = (
			);
			runOnlyForDeploymentPostprocessing = 0;
		};
		EC731D172C8651DC001FB83A /* Frameworks */ = {
			isa = PBXFrameworksBuildPhase;
			buildActionMask = 2147483647;
			files = (
			);
			runOnlyForDeploymentPostprocessing = 0;
		};
/* End PBXFrameworksBuildPhase section */

/* Begin PBXGroup section */
		EC731CF72C8651DB001FB83A = {
			isa = PBXGroup;
			children = (
				EC731D022C8651DB001FB83A /* BeatWave */,
				EC731D132C8651DC001FB83A /* BeatWaveTests */,
				EC731D1D2C8651DC001FB83A /* BeatWaveUITests */,
				EC731D012C8651DB001FB83A /* Products */,
			);
			sourceTree = "<group>";
		};
		EC731D012C8651DB001FB83A /* Products */ = {
			isa = PBXGroup;
			children = (
				EC731D002C8651DB001FB83A /* BeatWave.app */,
				EC731D102C8651DC001FB83A /* BeatWaveTests.xctest */,
				EC731D1A2C8651DC001FB83A /* BeatWaveUITests.xctest */,
			);
			name = Products;
			sourceTree = "<group>";
		};
		EC731D022C8651DB001FB83A /* BeatWave */ = {
			isa = PBXGroup;
			children = (
				EC731D302C8652AD001FB83A /* Extensions */,
				EC731D2D2C86527F001FB83A /* Login */,
				EC731D032C8651DB001FB83A /* BeatWaveApp.swift */,
				EC731D052C8651DB001FB83A /* ContentView.swift */,
				EC731D072C8651DC001FB83A /* Assets.xcassets */,
				EC731D092C8651DC001FB83A /* Preview Content */,
				EC4587682C887BD600FA7993 /* ViewRegistry.swift */,
				EC45876A2C887BEF00FA7993 /* NavigationView.swift */,
			);
			path = BeatWave;
			sourceTree = "<group>";
		};
		EC731D092C8651DC001FB83A /* Preview Content */ = {
			isa = PBXGroup;
			children = (
				EC731D0A2C8651DC001FB83A /* Preview Assets.xcassets */,
			);
			path = "Preview Content";
			sourceTree = "<group>";
		};
		EC731D132C8651DC001FB83A /* BeatWaveTests */ = {
			isa = PBXGroup;
			children = (
				EC731D142C8651DC001FB83A /* BeatWaveTests.swift */,
			);
			path = BeatWaveTests;
			sourceTree = "<group>";
		};
		EC731D1D2C8651DC001FB83A /* BeatWaveUITests */ = {
			isa = PBXGroup;
			children = (
				EC731D1E2C8651DC001FB83A /* BeatWaveUITests.swift */,
				EC731D202C8651DC001FB83A /* BeatWaveUITestsLaunchTests.swift */,
			);
			path = BeatWaveUITests;
			sourceTree = "<group>";
		};
		EC731D2D2C86527F001FB83A /* Login */ = {
			isa = PBXGroup;
			children = (
				EC731D2E2C86529C001FB83A /* LoginView.swift */,
				EC731D332C870409001FB83A /* LoginViewModel.swift */,
				EC731D352C870D5D001FB83A /* CredentialStore.swift */,
				EC731D372C87AD6A001FB83A /* CredentialCachePolicy.swift */,
				EC731D392C87B129001FB83A /* CredentialLoader.swift */,
				EC731D3B2C87B3AD001FB83A /* LocalCredential.swift */,
			);
			path = Login;
			sourceTree = "<group>";
		};
		EC731D302C8652AD001FB83A /* Extensions */ = {
			isa = PBXGroup;
			children = (
				EC731D312C8652BE001FB83A /* Color+Palette.swift */,
			);
			path = Extensions;
			sourceTree = "<group>";
		};
/* End PBXGroup section */

/* Begin PBXNativeTarget section */
		EC731CFF2C8651DB001FB83A /* BeatWave */ = {
			isa = PBXNativeTarget;
			buildConfigurationList = EC731D242C8651DC001FB83A /* Build configuration list for PBXNativeTarget "BeatWave" */;
			buildPhases = (
				EC731CFC2C8651DB001FB83A /* Sources */,
				EC731CFD2C8651DB001FB83A /* Frameworks */,
				EC731CFE2C8651DB001FB83A /* Resources */,
			);
			buildRules = (
			);
			dependencies = (
			);
			name = BeatWave;
			productName = BeatWave;
			productReference = EC731D002C8651DB001FB83A /* BeatWave.app */;
			productType = "com.apple.product-type.application";
		};
		EC731D0F2C8651DC001FB83A /* BeatWaveTests */ = {
			isa = PBXNativeTarget;
			buildConfigurationList = EC731D272C8651DC001FB83A /* Build configuration list for PBXNativeTarget "BeatWaveTests" */;
			buildPhases = (
				EC731D0C2C8651DC001FB83A /* Sources */,
				EC731D0D2C8651DC001FB83A /* Frameworks */,
				EC731D0E2C8651DC001FB83A /* Resources */,
			);
			buildRules = (
			);
			dependencies = (
				EC731D122C8651DC001FB83A /* PBXTargetDependency */,
			);
			name = BeatWaveTests;
			productName = BeatWaveTests;
			productReference = EC731D102C8651DC001FB83A /* BeatWaveTests.xctest */;
			productType = "com.apple.product-type.bundle.unit-test";
		};
		EC731D192C8651DC001FB83A /* BeatWaveUITests */ = {
			isa = PBXNativeTarget;
			buildConfigurationList = EC731D2A2C8651DC001FB83A /* Build configuration list for PBXNativeTarget "BeatWaveUITests" */;
			buildPhases = (
				EC731D162C8651DC001FB83A /* Sources */,
				EC731D172C8651DC001FB83A /* Frameworks */,
				EC731D182C8651DC001FB83A /* Resources */,
			);
			buildRules = (
			);
			dependencies = (
				EC731D1C2C8651DC001FB83A /* PBXTargetDependency */,
			);
			name = BeatWaveUITests;
			productName = BeatWaveUITests;
			productReference = EC731D1A2C8651DC001FB83A /* BeatWaveUITests.xctest */;
			productType = "com.apple.product-type.bundle.ui-testing";
		};
/* End PBXNativeTarget section */

/* Begin PBXProject section */
		EC731CF82C8651DB001FB83A /* Project object */ = {
			isa = PBXProject;
			attributes = {
				BuildIndependentTargetsInParallel = 1;
				LastSwiftUpdateCheck = 1500;
				LastUpgradeCheck = 1500;
				TargetAttributes = {
					EC731CFF2C8651DB001FB83A = {
						CreatedOnToolsVersion = 15.0.1;
					};
					EC731D0F2C8651DC001FB83A = {
						CreatedOnToolsVersion = 15.0.1;
						TestTargetID = EC731CFF2C8651DB001FB83A;
					};
					EC731D192C8651DC001FB83A = {
						CreatedOnToolsVersion = 15.0.1;
						TestTargetID = EC731CFF2C8651DB001FB83A;
					};
				};
			};
			buildConfigurationList = EC731CFB2C8651DB001FB83A /* Build configuration list for PBXProject "BeatWave" */;
			compatibilityVersion = "Xcode 14.0";
			developmentRegion = en;
			hasScannedForEncodings = 0;
			knownRegions = (
				en,
				Base,
			);
			mainGroup = EC731CF72C8651DB001FB83A;
			productRefGroup = EC731D012C8651DB001FB83A /* Products */;
			projectDirPath = "";
			projectRoot = "";
			targets = (
				EC731CFF2C8651DB001FB83A /* BeatWave */,
				EC731D0F2C8651DC001FB83A /* BeatWaveTests */,
				EC731D192C8651DC001FB83A /* BeatWaveUITests */,
			);
		};
/* End PBXProject section */

/* Begin PBXResourcesBuildPhase section */
		EC731CFE2C8651DB001FB83A /* Resources */ = {
			isa = PBXResourcesBuildPhase;
			buildActionMask = 2147483647;
			files = (
				EC731D0B2C8651DC001FB83A /* Preview Assets.xcassets in Resources */,
				EC731D082C8651DC001FB83A /* Assets.xcassets in Resources */,
			);
			runOnlyForDeploymentPostprocessing = 0;
		};
		EC731D0E2C8651DC001FB83A /* Resources */ = {
			isa = PBXResourcesBuildPhase;
			buildActionMask = 2147483647;
			files = (
			);
			runOnlyForDeploymentPostprocessing = 0;
		};
		EC731D182C8651DC001FB83A /* Resources */ = {
			isa = PBXResourcesBuildPhase;
			buildActionMask = 2147483647;
			files = (
			);
			runOnlyForDeploymentPostprocessing = 0;
		};
/* End PBXResourcesBuildPhase section */

/* Begin PBXSourcesBuildPhase section */
		EC731CFC2C8651DB001FB83A /* Sources */ = {
			isa = PBXSourcesBuildPhase;
			buildActionMask = 2147483647;
			files = (
				EC731D2F2C86529C001FB83A /* LoginView.swift in Sources */,
				EC731D382C87AD6A001FB83A /* CredentialCachePolicy.swift in Sources */,
				EC45876B2C887BEF00FA7993 /* NavigationView.swift in Sources */,
				EC731D322C8652BE001FB83A /* Color+Palette.swift in Sources */,
				EC731D3A2C87B129001FB83A /* CredentialLoader.swift in Sources */,
				EC731D062C8651DB001FB83A /* ContentView.swift in Sources */,
				EC731D342C870409001FB83A /* LoginViewModel.swift in Sources */,
				EC731D362C870D5D001FB83A /* CredentialStore.swift in Sources */,
				EC4587692C887BD600FA7993 /* ViewRegistry.swift in Sources */,
				EC731D3C2C87B3AD001FB83A /* LocalCredential.swift in Sources */,
				EC731D042C8651DB001FB83A /* BeatWaveApp.swift in Sources */,
			);
			runOnlyForDeploymentPostprocessing = 0;
		};
		EC731D0C2C8651DC001FB83A /* Sources */ = {
			isa = PBXSourcesBuildPhase;
			buildActionMask = 2147483647;
			files = (
				EC731D152C8651DC001FB83A /* BeatWaveTests.swift in Sources */,
			);
			runOnlyForDeploymentPostprocessing = 0;
		};
		EC731D162C8651DC001FB83A /* Sources */ = {
			isa = PBXSourcesBuildPhase;
			buildActionMask = 2147483647;
			files = (
				EC731D212C8651DC001FB83A /* BeatWaveUITestsLaunchTests.swift in Sources */,
				EC731D1F2C8651DC001FB83A /* BeatWaveUITests.swift in Sources */,
			);
			runOnlyForDeploymentPostprocessing = 0;
		};
/* End PBXSourcesBuildPhase section */

/* Begin PBXTargetDependency section */
		EC731D122C8651DC001FB83A /* PBXTargetDependency */ = {
			isa = PBXTargetDependency;
			target = EC731CFF2C8651DB001FB83A /* BeatWave */;
			targetProxy = EC731D112C8651DC001FB83A /* PBXContainerItemProxy */;
		};
		EC731D1C2C8651DC001FB83A /* PBXTargetDependency */ = {
			isa = PBXTargetDependency;
			target = EC731CFF2C8651DB001FB83A /* BeatWave */;
			targetProxy = EC731D1B2C8651DC001FB83A /* PBXContainerItemProxy */;
		};
/* End PBXTargetDependency section */

/* Begin XCBuildConfiguration section */
		EC731D222C8651DC001FB83A /* Debug */ = {
			isa = XCBuildConfiguration;
			buildSettings = {
				ALWAYS_SEARCH_USER_PATHS = NO;
				ASSETCATALOG_COMPILER_GENERATE_SWIFT_ASSET_SYMBOL_EXTENSIONS = YES;
				CLANG_ANALYZER_NONNULL = YES;
				CLANG_ANALYZER_NUMBER_OBJECT_CONVERSION = YES_AGGRESSIVE;
				CLANG_CXX_LANGUAGE_STANDARD = "gnu++20";
				CLANG_ENABLE_MODULES = YES;
				CLANG_ENABLE_OBJC_ARC = YES;
				CLANG_ENABLE_OBJC_WEAK = YES;
				CLANG_WARN_BLOCK_CAPTURE_AUTORELEASING = YES;
				CLANG_WARN_BOOL_CONVERSION = YES;
				CLANG_WARN_COMMA = YES;
				CLANG_WARN_CONSTANT_CONVERSION = YES;
				CLANG_WARN_DEPRECATED_OBJC_IMPLEMENTATIONS = YES;
				CLANG_WARN_DIRECT_OBJC_ISA_USAGE = YES_ERROR;
				CLANG_WARN_DOCUMENTATION_COMMENTS = YES;
				CLANG_WARN_EMPTY_BODY = YES;
				CLANG_WARN_ENUM_CONVERSION = YES;
				CLANG_WARN_INFINITE_RECURSION = YES;
				CLANG_WARN_INT_CONVERSION = YES;
				CLANG_WARN_NON_LITERAL_NULL_CONVERSION = YES;
				CLANG_WARN_OBJC_IMPLICIT_RETAIN_SELF = YES;
				CLANG_WARN_OBJC_LITERAL_CONVERSION = YES;
				CLANG_WARN_OBJC_ROOT_CLASS = YES_ERROR;
				CLANG_WARN_QUOTED_INCLUDE_IN_FRAMEWORK_HEADER = YES;
				CLANG_WARN_RANGE_LOOP_ANALYSIS = YES;
				CLANG_WARN_STRICT_PROTOTYPES = YES;
				CLANG_WARN_SUSPICIOUS_MOVE = YES;
				CLANG_WARN_UNGUARDED_AVAILABILITY = YES_AGGRESSIVE;
				CLANG_WARN_UNREACHABLE_CODE = YES;
				CLANG_WARN__DUPLICATE_METHOD_MATCH = YES;
				COPY_PHASE_STRIP = NO;
				DEBUG_INFORMATION_FORMAT = dwarf;
				ENABLE_STRICT_OBJC_MSGSEND = YES;
				ENABLE_TESTABILITY = YES;
				ENABLE_USER_SCRIPT_SANDBOXING = YES;
				GCC_C_LANGUAGE_STANDARD = gnu17;
				GCC_DYNAMIC_NO_PIC = NO;
				GCC_NO_COMMON_BLOCKS = YES;
				GCC_OPTIMIZATION_LEVEL = 0;
				GCC_PREPROCESSOR_DEFINITIONS = (
					"DEBUG=1",
					"$(inherited)",
				);
				GCC_WARN_64_TO_32_BIT_CONVERSION = YES;
				GCC_WARN_ABOUT_RETURN_TYPE = YES_ERROR;
				GCC_WARN_UNDECLARED_SELECTOR = YES;
				GCC_WARN_UNINITIALIZED_AUTOS = YES_AGGRESSIVE;
				GCC_WARN_UNUSED_FUNCTION = YES;
				GCC_WARN_UNUSED_VARIABLE = YES;
				IPHONEOS_DEPLOYMENT_TARGET = 17.0;
				LOCALIZATION_PREFERS_STRING_CATALOGS = YES;
				MTL_ENABLE_DEBUG_INFO = INCLUDE_SOURCE;
				MTL_FAST_MATH = YES;
				ONLY_ACTIVE_ARCH = YES;
				SDKROOT = iphoneos;
				SWIFT_ACTIVE_COMPILATION_CONDITIONS = "DEBUG $(inherited)";
				SWIFT_OPTIMIZATION_LEVEL = "-Onone";
			};
			name = Debug;
		};
		EC731D232C8651DC001FB83A /* Release */ = {
			isa = XCBuildConfiguration;
			buildSettings = {
				ALWAYS_SEARCH_USER_PATHS = NO;
				ASSETCATALOG_COMPILER_GENERATE_SWIFT_ASSET_SYMBOL_EXTENSIONS = YES;
				CLANG_ANALYZER_NONNULL = YES;
				CLANG_ANALYZER_NUMBER_OBJECT_CONVERSION = YES_AGGRESSIVE;
				CLANG_CXX_LANGUAGE_STANDARD = "gnu++20";
				CLANG_ENABLE_MODULES = YES;
				CLANG_ENABLE_OBJC_ARC = YES;
				CLANG_ENABLE_OBJC_WEAK = YES;
				CLANG_WARN_BLOCK_CAPTURE_AUTORELEASING = YES;
				CLANG_WARN_BOOL_CONVERSION = YES;
				CLANG_WARN_COMMA = YES;
				CLANG_WARN_CONSTANT_CONVERSION = YES;
				CLANG_WARN_DEPRECATED_OBJC_IMPLEMENTATIONS = YES;
				CLANG_WARN_DIRECT_OBJC_ISA_USAGE = YES_ERROR;
				CLANG_WARN_DOCUMENTATION_COMMENTS = YES;
				CLANG_WARN_EMPTY_BODY = YES;
				CLANG_WARN_ENUM_CONVERSION = YES;
				CLANG_WARN_INFINITE_RECURSION = YES;
				CLANG_WARN_INT_CONVERSION = YES;
				CLANG_WARN_NON_LITERAL_NULL_CONVERSION = YES;
				CLANG_WARN_OBJC_IMPLICIT_RETAIN_SELF = YES;
				CLANG_WARN_OBJC_LITERAL_CONVERSION = YES;
				CLANG_WARN_OBJC_ROOT_CLASS = YES_ERROR;
				CLANG_WARN_QUOTED_INCLUDE_IN_FRAMEWORK_HEADER = YES;
				CLANG_WARN_RANGE_LOOP_ANALYSIS = YES;
				CLANG_WARN_STRICT_PROTOTYPES = YES;
				CLANG_WARN_SUSPICIOUS_MOVE = YES;
				CLANG_WARN_UNGUARDED_AVAILABILITY = YES_AGGRESSIVE;
				CLANG_WARN_UNREACHABLE_CODE = YES;
				CLANG_WARN__DUPLICATE_METHOD_MATCH = YES;
				COPY_PHASE_STRIP = NO;
				DEBUG_INFORMATION_FORMAT = "dwarf-with-dsym";
				ENABLE_NS_ASSERTIONS = NO;
				ENABLE_STRICT_OBJC_MSGSEND = YES;
				ENABLE_USER_SCRIPT_SANDBOXING = YES;
				GCC_C_LANGUAGE_STANDARD = gnu17;
				GCC_NO_COMMON_BLOCKS = YES;
				GCC_WARN_64_TO_32_BIT_CONVERSION = YES;
				GCC_WARN_ABOUT_RETURN_TYPE = YES_ERROR;
				GCC_WARN_UNDECLARED_SELECTOR = YES;
				GCC_WARN_UNINITIALIZED_AUTOS = YES_AGGRESSIVE;
				GCC_WARN_UNUSED_FUNCTION = YES;
				GCC_WARN_UNUSED_VARIABLE = YES;
				IPHONEOS_DEPLOYMENT_TARGET = 17.0;
				LOCALIZATION_PREFERS_STRING_CATALOGS = YES;
				MTL_ENABLE_DEBUG_INFO = NO;
				MTL_FAST_MATH = YES;
				SDKROOT = iphoneos;
				SWIFT_COMPILATION_MODE = wholemodule;
				VALIDATE_PRODUCT = YES;
			};
			name = Release;
		};
		EC731D252C8651DC001FB83A /* Debug */ = {
			isa = XCBuildConfiguration;
			buildSettings = {
				ASSETCATALOG_COMPILER_APPICON_NAME = AppIcon;
				ASSETCATALOG_COMPILER_GLOBAL_ACCENT_COLOR_NAME = AccentColor;
				CODE_SIGN_STYLE = Automatic;
				CURRENT_PROJECT_VERSION = 1;
				DEVELOPMENT_ASSET_PATHS = "\"BeatWave/Preview Content\"";
				DEVELOPMENT_TEAM = 3SNY4A7B39;
				ENABLE_PREVIEWS = YES;
				GENERATE_INFOPLIST_FILE = YES;
				INFOPLIST_KEY_UIApplicationSceneManifest_Generation = YES;
				INFOPLIST_KEY_UIApplicationSupportsIndirectInputEvents = YES;
				INFOPLIST_KEY_UILaunchScreen_Generation = YES;
				INFOPLIST_KEY_UISupportedInterfaceOrientations_iPad = "UIInterfaceOrientationPortrait UIInterfaceOrientationPortraitUpsideDown UIInterfaceOrientationLandscapeLeft UIInterfaceOrientationLandscapeRight";
				INFOPLIST_KEY_UISupportedInterfaceOrientations_iPhone = "UIInterfaceOrientationPortrait UIInterfaceOrientationLandscapeLeft UIInterfaceOrientationLandscapeRight";
				LD_RUNPATH_SEARCH_PATHS = (
					"$(inherited)",
					"@executable_path/Frameworks",
				);
				MARKETING_VERSION = 1.0;
				PRODUCT_BUNDLE_IDENTIFIER = com.Vini.BeatWave;
				PRODUCT_NAME = "$(TARGET_NAME)";
				SWIFT_EMIT_LOC_STRINGS = YES;
				SWIFT_VERSION = 5.0;
				TARGETED_DEVICE_FAMILY = "1,2";
			};
			name = Debug;
		};
		EC731D262C8651DC001FB83A /* Release */ = {
			isa = XCBuildConfiguration;
			buildSettings = {
				ASSETCATALOG_COMPILER_APPICON_NAME = AppIcon;
				ASSETCATALOG_COMPILER_GLOBAL_ACCENT_COLOR_NAME = AccentColor;
				CODE_SIGN_STYLE = Automatic;
				CURRENT_PROJECT_VERSION = 1;
				DEVELOPMENT_ASSET_PATHS = "\"BeatWave/Preview Content\"";
				DEVELOPMENT_TEAM = 3SNY4A7B39;
				ENABLE_PREVIEWS = YES;
				GENERATE_INFOPLIST_FILE = YES;
				INFOPLIST_KEY_UIApplicationSceneManifest_Generation = YES;
				INFOPLIST_KEY_UIApplicationSupportsIndirectInputEvents = YES;
				INFOPLIST_KEY_UILaunchScreen_Generation = YES;
				INFOPLIST_KEY_UISupportedInterfaceOrientations_iPad = "UIInterfaceOrientationPortrait UIInterfaceOrientationPortraitUpsideDown UIInterfaceOrientationLandscapeLeft UIInterfaceOrientationLandscapeRight";
				INFOPLIST_KEY_UISupportedInterfaceOrientations_iPhone = "UIInterfaceOrientationPortrait UIInterfaceOrientationLandscapeLeft UIInterfaceOrientationLandscapeRight";
				LD_RUNPATH_SEARCH_PATHS = (
					"$(inherited)",
					"@executable_path/Frameworks",
				);
				MARKETING_VERSION = 1.0;
				PRODUCT_BUNDLE_IDENTIFIER = com.Vini.BeatWave;
				PRODUCT_NAME = "$(TARGET_NAME)";
				SWIFT_EMIT_LOC_STRINGS = YES;
				SWIFT_VERSION = 5.0;
				TARGETED_DEVICE_FAMILY = "1,2";
			};
			name = Release;
		};
		EC731D282C8651DC001FB83A /* Debug */ = {
			isa = XCBuildConfiguration;
			buildSettings = {
				ALWAYS_EMBED_SWIFT_STANDARD_LIBRARIES = YES;
				BUNDLE_LOADER = "$(TEST_HOST)";
				CODE_SIGN_STYLE = Automatic;
				CURRENT_PROJECT_VERSION = 1;
				DEVELOPMENT_TEAM = 3SNY4A7B39;
				GENERATE_INFOPLIST_FILE = YES;
				IPHONEOS_DEPLOYMENT_TARGET = 17.0;
				MARKETING_VERSION = 1.0;
				PRODUCT_BUNDLE_IDENTIFIER = com.Vini.BeatWaveTests;
				PRODUCT_NAME = "$(TARGET_NAME)";
				SWIFT_EMIT_LOC_STRINGS = NO;
				SWIFT_VERSION = 5.0;
				TARGETED_DEVICE_FAMILY = "1,2";
				TEST_HOST = "$(BUILT_PRODUCTS_DIR)/BeatWave.app/$(BUNDLE_EXECUTABLE_FOLDER_PATH)/BeatWave";
			};
			name = Debug;
		};
		EC731D292C8651DC001FB83A /* Release */ = {
			isa = XCBuildConfiguration;
			buildSettings = {
				ALWAYS_EMBED_SWIFT_STANDARD_LIBRARIES = YES;
				BUNDLE_LOADER = "$(TEST_HOST)";
				CODE_SIGN_STYLE = Automatic;
				CURRENT_PROJECT_VERSION = 1;
				DEVELOPMENT_TEAM = 3SNY4A7B39;
				GENERATE_INFOPLIST_FILE = YES;
				IPHONEOS_DEPLOYMENT_TARGET = 17.0;
				MARKETING_VERSION = 1.0;
				PRODUCT_BUNDLE_IDENTIFIER = com.Vini.BeatWaveTests;
				PRODUCT_NAME = "$(TARGET_NAME)";
				SWIFT_EMIT_LOC_STRINGS = NO;
				SWIFT_VERSION = 5.0;
				TARGETED_DEVICE_FAMILY = "1,2";
				TEST_HOST = "$(BUILT_PRODUCTS_DIR)/BeatWave.app/$(BUNDLE_EXECUTABLE_FOLDER_PATH)/BeatWave";
			};
			name = Release;
		};
		EC731D2B2C8651DC001FB83A /* Debug */ = {
			isa = XCBuildConfiguration;
			buildSettings = {
				ALWAYS_EMBED_SWIFT_STANDARD_LIBRARIES = YES;
				CODE_SIGN_STYLE = Automatic;
				CURRENT_PROJECT_VERSION = 1;
				DEVELOPMENT_TEAM = 3SNY4A7B39;
				GENERATE_INFOPLIST_FILE = YES;
				MARKETING_VERSION = 1.0;
				PRODUCT_BUNDLE_IDENTIFIER = com.Vini.BeatWaveUITests;
				PRODUCT_NAME = "$(TARGET_NAME)";
				SWIFT_EMIT_LOC_STRINGS = NO;
				SWIFT_VERSION = 5.0;
				TARGETED_DEVICE_FAMILY = "1,2";
				TEST_TARGET_NAME = BeatWave;
			};
			name = Debug;
		};
		EC731D2C2C8651DC001FB83A /* Release */ = {
			isa = XCBuildConfiguration;
			buildSettings = {
				ALWAYS_EMBED_SWIFT_STANDARD_LIBRARIES = YES;
				CODE_SIGN_STYLE = Automatic;
				CURRENT_PROJECT_VERSION = 1;
				DEVELOPMENT_TEAM = 3SNY4A7B39;
				GENERATE_INFOPLIST_FILE = YES;
				MARKETING_VERSION = 1.0;
				PRODUCT_BUNDLE_IDENTIFIER = com.Vini.BeatWaveUITests;
				PRODUCT_NAME = "$(TARGET_NAME)";
				SWIFT_EMIT_LOC_STRINGS = NO;
				SWIFT_VERSION = 5.0;
				TARGETED_DEVICE_FAMILY = "1,2";
				TEST_TARGET_NAME = BeatWave;
			};
			name = Release;
		};
/* End XCBuildConfiguration section */

/* Begin XCConfigurationList section */
		EC731CFB2C8651DB001FB83A /* Build configuration list for PBXProject "BeatWave" */ = {
			isa = XCConfigurationList;
			buildConfigurations = (
				EC731D222C8651DC001FB83A /* Debug */,
				EC731D232C8651DC001FB83A /* Release */,
			);
			defaultConfigurationIsVisible = 0;
			defaultConfigurationName = Release;
		};
		EC731D242C8651DC001FB83A /* Build configuration list for PBXNativeTarget "BeatWave" */ = {
			isa = XCConfigurationList;
			buildConfigurations = (
				EC731D252C8651DC001FB83A /* Debug */,
				EC731D262C8651DC001FB83A /* Release */,
			);
			defaultConfigurationIsVisible = 0;
			defaultConfigurationName = Release;
		};
		EC731D272C8651DC001FB83A /* Build configuration list for PBXNativeTarget "BeatWaveTests" */ = {
			isa = XCConfigurationList;
			buildConfigurations = (
				EC731D282C8651DC001FB83A /* Debug */,
				EC731D292C8651DC001FB83A /* Release */,
			);
			defaultConfigurationIsVisible = 0;
			defaultConfigurationName = Release;
		};
		EC731D2A2C8651DC001FB83A /* Build configuration list for PBXNativeTarget "BeatWaveUITests" */ = {
			isa = XCConfigurationList;
			buildConfigurations = (
				EC731D2B2C8651DC001FB83A /* Debug */,
				EC731D2C2C8651DC001FB83A /* Release */,
			);
			defaultConfigurationIsVisible = 0;
			defaultConfigurationName = Release;
		};
/* End XCConfigurationList section */
	};
	rootObject = EC731CF82C8651DB001FB83A /* Project object */;
}
